// !$*UTF8*$!
{
	archiveVersion = 1;
	classes = {
	};
	objectVersion = 46;
	objects = {

/* Begin PBXBuildFile section */
		EDB5AFFF1EC511E20068D310 /* AppDelegate.swift in Sources */ = {isa = PBXBuildFile; fileRef = EDB5AFFE1EC511E20068D310 /* AppDelegate.swift */; };
		EDB5B0011EC511E20068D310 /* ViewController.swift in Sources */ = {isa = PBXBuildFile; fileRef = EDB5B0001EC511E20068D310 /* ViewController.swift */; };
		EDB5B0041EC511E20068D310 /* Main.storyboard in Resources */ = {isa = PBXBuildFile; fileRef = EDB5B0021EC511E20068D310 /* Main.storyboard */; };
		EDB5B0061EC511E20068D310 /* Assets.xcassets in Resources */ = {isa = PBXBuildFile; fileRef = EDB5B0051EC511E20068D310 /* Assets.xcassets */; };
		EDB5B0091EC511E20068D310 /* LaunchScreen.storyboard in Resources */ = {isa = PBXBuildFile; fileRef = EDB5B0071EC511E20068D310 /* LaunchScreen.storyboard */; };
/* End PBXBuildFile section */

/* Begin PBXFileReference section */
		EDB5AFFB1EC511E20068D310 /* Minuteur.app */ = {isa = PBXFileReference; explicitFileType = wrapper.application; includeInIndex = 0; path = Minuteur.app; sourceTree = BUILT_PRODUCTS_DIR; };
		EDB5AFFE1EC511E20068D310 /* AppDelegate.swift */ = {isa = PBXFileReference; lastKnownFileType = sourcecode.swift; path = AppDelegate.swift; sourceTree = "<group>"; };
		EDB5B0001EC511E20068D310 /* ViewController.swift */ = {isa = PBXFileReference; lastKnownFileType = sourcecode.swift; path = ViewController.swift; sourceTree = "<group>"; };
		EDB5B0031EC511E20068D310 /* Base */ = {isa = PBXFileReference; lastKnownFileType = file.storyboard; name = Base; path = Base.lproj/Main.storyboard; sourceTree = "<group>"; };
		EDB5B0051EC511E20068D310 /* Assets.xcassets */ = {isa = PBXFileReference; lastKnownFileType = folder.assetcatalog; path = Assets.xcassets; sourceTree = "<group>"; };
		EDB5B0081EC511E20068D310 /* Base */ = {isa = PBXFileReference; lastKnownFileType = file.storyboard; name = Base; path = Base.lproj/LaunchScreen.storyboard; sourceTree = "<group>"; };
		EDB5B00A1EC511E20068D310 /* Info.plist */ = {isa = PBXFileReference; lastKnownFileType = text.plist.xml; path = Info.plist; sourceTree = "<group>"; };
/* End PBXFileReference section */

/* Begin PBXFrameworksBuildPhase section */
		EDB5AFF81EC511E20068D310 /* Frameworks */ = {
			isa = PBXFrameworksBuildPhase;
			buildActionMask = 2147483647;
			files = (
			);
			runOnlyForDeploymentPostprocessing = 0;
		};
/* End PBXFrameworksBuildPhase section */

/* Begin PBXGroup section */
		EDB5AFF21EC511E20068D310 = {
			isa = PBXGroup;
			children = (
				EDB5AFFD1EC511E20068D310 /* Minuteur */,
				EDB5AFFC1EC511E20068D310 /* Products */,
			);
			sourceTree = "<group>";
		};
		EDB5AFFC1EC511E20068D310 /* Products */ = {
			isa = PBXGroup;
			children = (
				EDB5AFFB1EC511E20068D310 /* Minuteur.app */,
			);
			name = Products;
			sourceTree = "<group>";
		};
		EDB5AFFD1EC511E20068D310 /* Minuteur */ = {
			isa = PBXGroup;
			children = (
				EDB5AFFE1EC511E20068D310 /* AppDelegate.swift */,
				EDB5B0001EC511E20068D310 /* ViewController.swift */,
				EDB5B0021EC511E20068D310 /* Main.storyboard */,
				EDB5B0051EC511E20068D310 /* Assets.xcassets */,
				EDB5B0071EC511E20068D310 /* LaunchScreen.storyboard */,
				EDB5B00A1EC511E20068D310 /* Info.plist */,
			);
			path = Minuteur;
			sourceTree = "<group>";
		};
/* End PBXGroup section */

/* Begin PBXNativeTarget section */
		EDB5AFFA1EC511E20068D310 /* Minuteur */ = {
			isa = PBXNativeTarget;
			buildConfigurationList = EDB5B00D1EC511E20068D310 /* Build configuration list for PBXNativeTarget "Minuteur" */;
			buildPhases = (
				EDB5AFF71EC511E20068D310 /* Sources */,
				EDB5AFF81EC511E20068D310 /* Frameworks */,
				EDB5AFF91EC511E20068D310 /* Resources */,
			);
			buildRules = (
			);
			dependencies = (
			);
			name = Minuteur;
			productName = Minuteur;
			productReference = EDB5AFFB1EC511E20068D310 /* Minuteur.app */;
			productType = "com.apple.product-type.application";
		};
/* End PBXNativeTarget section */

/* Begin PBXProject section */
		EDB5AFF31EC511E20068D310 /* Project object */ = {
			isa = PBXProject;
			attributes = {
				LastSwiftUpdateCheck = 0830;
				LastUpgradeCheck = 0830;
				ORGANIZATIONNAME = "Paul-Aurian POINOT";
				TargetAttributes = {
					EDB5AFFA1EC511E20068D310 = {
						CreatedOnToolsVersion = 8.3.2;
						ProvisioningStyle = Automatic;
					};
				};
			};
			buildConfigurationList = EDB5AFF61EC511E20068D310 /* Build configuration list for PBXProject "Minuteur" */;
			compatibilityVersion = "Xcode 3.2";
			developmentRegion = English;
			hasScannedForEncodings = 0;
			knownRegions = (
				en,
				Base,
			);
			mainGroup = EDB5AFF21EC511E20068D310;
			productRefGroup = EDB5AFFC1EC511E20068D310 /* Products */;
			projectDirPath = "";
			projectRoot = "";
			targets = (
				EDB5AFFA1EC511E20068D310 /* Minuteur */,
			);
		};
/* End PBXProject section */

/* Begin PBXResourcesBuildPhase section */
		EDB5AFF91EC511E20068D310 /* Resources */ = {
			isa = PBXResourcesBuildPhase;
			buildActionMask = 2147483647;
			files = (
				EDB5B0091EC511E20068D310 /* LaunchScreen.storyboard in Resources */,
				EDB5B0061EC511E20068D310 /* Assets.xcassets in Resources */,
				EDB5B0041EC511E20068D310 /* Main.storyboard in Resources */,
			);
			runOnlyForDeploymentPostprocessing = 0;
		};
/* End PBXResourcesBuildPhase section */

/* Begin PBXSourcesBuildPhase section */
		EDB5AFF71EC511E20068D310 /* Sources */ = {
			isa = PBXSourcesBuildPhase;
			buildActionMask = 2147483647;
			files = (
				EDB5B0011EC511E20068D310 /* ViewController.swift in Sources */,
				EDB5AFFF1EC511E20068D310 /* AppDelegate.swift in Sources */,
			);
			runOnlyForDeploymentPostprocessing = 0;
		};
/* End PBXSourcesBuildPhase section */

/* Begin PBXVariantGroup section */
		EDB5B0021EC511E20068D310 /* Main.storyboard */ = {
			isa = PBXVariantGroup;
			children = (
				EDB5B0031EC511E20068D310 /* Base */,
			);
			name = Main.storyboard;
			sourceTree = "<group>";
		};
		EDB5B0071EC511E20068D310 /* LaunchScreen.storyboard */ = {
			isa = PBXVariantGroup;
			children = (
				EDB5B0081EC511E20068D310 /* Base */,
			);
			name = LaunchScreen.storyboard;
			sourceTree = "<group>";
		};
/* End PBXVariantGroup section */

/* Begin XCBuildConfiguration section */
		EDB5B00B1EC511E20068D310 /* Debug */ = {
			isa = XCBuildConfiguration;
			buildSettings = {
				ALWAYS_SEARCH_USER_PATHS = NO;
				CLANG_ANALYZER_NONNULL = YES;
				CLANG_ANALYZER_NUMBER_OBJECT_CONVERSION = YES_AGGRESSIVE;
				CLANG_CXX_LANGUAGE_STANDARD = "gnu++0x";
				CLANG_CXX_LIBRARY = "libc++";
				CLANG_ENABLE_MODULES = YES;
				CLANG_ENABLE_OBJC_ARC = YES;
				CLANG_WARN_BOOL_CONVERSION = YES;
				CLANG_WARN_CONSTANT_CONVERSION = YES;
				CLANG_WARN_DIRECT_OBJC_ISA_USAGE = YES_ERROR;
				CLANG_WARN_DOCUMENTATION_COMMENTS = YES;
				CLANG_WARN_EMPTY_BODY = YES;
				CLANG_WARN_ENUM_CONVERSION = YES;
				CLANG_WARN_INFINITE_RECURSION = YES;
				CLANG_WARN_INT_CONVERSION = YES;
				CLANG_WARN_OBJC_ROOT_CLASS = YES_ERROR;
				CLANG_WARN_SUSPICIOUS_MOVE = YES;
				CLANG_WARN_UNREACHABLE_CODE = YES;
				CLANG_WARN__DUPLICATE_METHOD_MATCH = YES;
				"CODE_SIGN_IDENTITY[sdk=iphoneos*]" = "iPhone Developer";
				COPY_PHASE_STRIP = NO;
				DEBUG_INFORMATION_FORMAT = dwarf;
				ENABLE_STRICT_OBJC_MSGSEND = YES;
				ENABLE_TESTABILITY = YES;
				GCC_C_LANGUAGE_STANDARD = gnu99;
				GCC_DYNAMIC_NO_PIC = NO;
				GCC_NO_COMMON_BLOCKS = YES;
				GCC_OPTIMIZATION_LEVEL = 0;
				GCC_PREPROCESSOR_DEFINITIONS = (
					"DEBUG=1",
					"$(inherited)",
				);
				GCC_WARN_64_TO_32_BIT_CONVERSION = YES;
				GCC_WARN_ABOUT_RETURN_TYPE = YES_ERROR;
				GCC_WARN_UNDECLARED_SELECTOR = YES;
				GCC_WARN_UNINITIALIZED_AUTOS = YES_AGGRESSIVE;
				GCC_WARN_UNUSED_FUNCTION = YES;
				GCC_WARN_UNUSED_VARIABLE = YES;
				IPHONEOS_DEPLOYMENT_TARGET = 10.3;
				MTL_ENABLE_DEBUG_INFO = YES;
				ONLY_ACTIVE_ARCH = YES;
				SDKROOT = iphoneos;
				SWIFT_ACTIVE_COMPILATION_CONDITIONS = DEBUG;
				SWIFT_OPTIMIZATION_LEVEL = "-Onone";
				TARGETED_DEVICE_FAMILY = "1,2";
			};
			name = Debug;
		};
		EDB5B00C1EC511E20068D310 /* Release */ = {
			isa = XCBuildConfiguration;
			buildSettings = {
				ALWAYS_SEARCH_USER_PATHS = NO;
				CLANG_ANALYZER_NONNULL = YES;
				CLANG_ANALYZER_NUMBER_OBJECT_CONVERSION = YES_AGGRESSIVE;
				CLANG_CXX_LANGUAGE_STANDARD = "gnu++0x";
				CLANG_CXX_LIBRARY = "libc++";
				CLANG_ENABLE_MODULES = YES;
				CLANG_ENABLE_OBJC_ARC = YES;
				CLANG_WARN_BOOL_CONVERSION = YES;
				CLANG_WARN_CONSTANT_CONVERSION = YES;
				CLANG_WARN_DIRECT_OBJC_ISA_USAGE = YES_ERROR;
				CLANG_WARN_DOCUMENTATION_COMMENTS = YES;
				CLANG_WARN_EMPTY_BODY = YES;
				CLANG_WARN_ENUM_CONVERSION = YES;
				CLANG_WARN_INFINITE_RECURSION = YES;
				CLANG_WARN_INT_CONVERSION = YES;
				CLANG_WARN_OBJC_ROOT_CLASS = YES_ERROR;
				CLANG_WARN_SUSPICIOUS_MOVE = YES;
				CLANG_WARN_UNREACHABLE_CODE = YES;
				CLANG_WARN__DUPLICATE_METHOD_MATCH = YES;
				"CODE_SIGN_IDENTITY[sdk=iphoneos*]" = "iPhone Developer";
				COPY_PHASE_STRIP = NO;
				DEBUG_INFORMATION_FORMAT = "dwarf-with-dsym";
				ENABLE_NS_ASSERTIONS = NO;
				ENABLE_STRICT_OBJC_MSGSEND = YES;
				GCC_C_LANGUAGE_STANDARD = gnu99;
				GCC_NO_COMMON_BLOCKS = YES;
				GCC_WARN_64_TO_32_BIT_CONVERSION = YES;
				GCC_WARN_ABOUT_RETURN_TYPE = YES_ERROR;
				GCC_WARN_UNDECLARED_SELECTOR = YES;
				GCC_WARN_UNINITIALIZED_AUTOS = YES_AGGRESSIVE;
				GCC_WARN_UNUSED_FUNCTION = YES;
				GCC_WARN_UNUSED_VARIABLE = YES;
				IPHONEOS_DEPLOYMENT_TARGET = 10.3;
				MTL_ENABLE_DEBUG_INFO = NO;
				SDKROOT = iphoneos;
				SWIFT_OPTIMIZATION_LEVEL = "-Owholemodule";
				TARGETED_DEVICE_FAMILY = "1,2";
				VALIDATE_PRODUCT = YES;
			};
			name = Release;
		};
		EDB5B00E1EC511E20068D310 /* Debug */ = {
			isa = XCBuildConfiguration;
			buildSettings = {
				ASSETCATALOG_COMPILER_APPICON_NAME = AppIcon;
				INFOPLIST_FILE = Minuteur/Info.plist;
				LD_RUNPATH_SEARCH_PATHS = "$(inherited) @executable_path/Frameworks";
				PRODUCT_BUNDLE_IDENTIFIER = com.paulaurianpoinot.Minuteur;
				PRODUCT_NAME = "$(TARGET_NAME)";
				SWIFT_VERSION = 3.0;
			};
			name = Debug;
		};
		EDB5B00F1EC511E20068D310 /* Release */ = {
			isa = XCBuildConfiguration;
			buildSettings = {
				ASSETCATALOG_COMPILER_APPICON_NAME = AppIcon;
				INFOPLIST_FILE = Minuteur/Info.plist;
				LD_RUNPATH_SEARCH_PATHS = "$(inherited) @executable_path/Frameworks";
				PRODUCT_BUNDLE_IDENTIFIER = com.paulaurianpoinot.Minuteur;
				PRODUCT_NAME = "$(TARGET_NAME)";
				SWIFT_VERSION = 3.0;
			};
			name = Release;
		};
/* End XCBuildConfiguration section */

/* Begin XCConfigurationList section */
		EDB5AFF61EC511E20068D310 /* Build configuration list for PBXProject "Minuteur" */ = {
			isa = XCConfigurationList;
			buildConfigurations = (
				EDB5B00B1EC511E20068D310 /* Debug */,
				EDB5B00C1EC511E20068D310 /* Release */,
			);
			defaultConfigurationIsVisible = 0;
			defaultConfigurationName = Release;
		};
		EDB5B00D1EC511E20068D310 /* Build configuration list for PBXNativeTarget "Minuteur" */ = {
			isa = XCConfigurationList;
			buildConfigurations = (
				EDB5B00E1EC511E20068D310 /* Debug */,
				EDB5B00F1EC511E20068D310 /* Release */,
			);
			defaultConfigurationIsVisible = 0;
		};
/* End XCConfigurationList section */
	};
	rootObject = EDB5AFF31EC511E20068D310 /* Project object */;
}
