// !$*UTF8*$!
{
	archiveVersion = 1;
	classes = {
	};
	objectVersion = 46;
	objects = {

/* Begin PBXBuildFile section */
		ED97BAD71EC8F113001BA0D4 /* AppDelegate.swift in Sources */ = {isa = PBXBuildFile; fileRef = ED97BAD61EC8F113001BA0D4 /* AppDelegate.swift */; };
		ED97BAD91EC8F113001BA0D4 /* ViewController.swift in Sources */ = {isa = PBXBuildFile; fileRef = ED97BAD81EC8F113001BA0D4 /* ViewController.swift */; };
		ED97BADC1EC8F113001BA0D4 /* Main.storyboard in Resources */ = {isa = PBXBuildFile; fileRef = ED97BADA1EC8F113001BA0D4 /* Main.storyboard */; };
		ED97BADE1EC8F113001BA0D4 /* Assets.xcassets in Resources */ = {isa = PBXBuildFile; fileRef = ED97BADD1EC8F113001BA0D4 /* Assets.xcassets */; };
		ED97BAE11EC8F113001BA0D4 /* LaunchScreen.storyboard in Resources */ = {isa = PBXBuildFile; fileRef = ED97BADF1EC8F113001BA0D4 /* LaunchScreen.storyboard */; };
/* End PBXBuildFile section */

/* Begin PBXFileReference section */
		ED97BAD31EC8F113001BA0D4 /* Multivues.app */ = {isa = PBXFileReference; explicitFileType = wrapper.application; includeInIndex = 0; path = Multivues.app; sourceTree = BUILT_PRODUCTS_DIR; };
		ED97BAD61EC8F113001BA0D4 /* AppDelegate.swift */ = {isa = PBXFileReference; lastKnownFileType = sourcecode.swift; path = AppDelegate.swift; sourceTree = "<group>"; };
		ED97BAD81EC8F113001BA0D4 /* ViewController.swift */ = {isa = PBXFileReference; lastKnownFileType = sourcecode.swift; path = ViewController.swift; sourceTree = "<group>"; };
		ED97BADB1EC8F113001BA0D4 /* Base */ = {isa = PBXFileReference; lastKnownFileType = file.storyboard; name = Base; path = Base.lproj/Main.storyboard; sourceTree = "<group>"; };
		ED97BADD1EC8F113001BA0D4 /* Assets.xcassets */ = {isa = PBXFileReference; lastKnownFileType = folder.assetcatalog; path = Assets.xcassets; sourceTree = "<group>"; };
		ED97BAE01EC8F113001BA0D4 /* Base */ = {isa = PBXFileReference; lastKnownFileType = file.storyboard; name = Base; path = Base.lproj/LaunchScreen.storyboard; sourceTree = "<group>"; };
		ED97BAE21EC8F113001BA0D4 /* Info.plist */ = {isa = PBXFileReference; lastKnownFileType = text.plist.xml; path = Info.plist; sourceTree = "<group>"; };
/* End PBXFileReference section */

/* Begin PBXFrameworksBuildPhase section */
		ED97BAD01EC8F113001BA0D4 /* Frameworks */ = {
			isa = PBXFrameworksBuildPhase;
			buildActionMask = 2147483647;
			files = (
			);
			runOnlyForDeploymentPostprocessing = 0;
		};
/* End PBXFrameworksBuildPhase section */

/* Begin PBXGroup section */
		ED97BACA1EC8F113001BA0D4 = {
			isa = PBXGroup;
			children = (
				ED97BAD51EC8F113001BA0D4 /* Multivues */,
				ED97BAD41EC8F113001BA0D4 /* Products */,
			);
			sourceTree = "<group>";
		};
		ED97BAD41EC8F113001BA0D4 /* Products */ = {
			isa = PBXGroup;
			children = (
				ED97BAD31EC8F113001BA0D4 /* Multivues.app */,
			);
			name = Products;
			sourceTree = "<group>";
		};
		ED97BAD51EC8F113001BA0D4 /* Multivues */ = {
			isa = PBXGroup;
			children = (
				ED97BAD61EC8F113001BA0D4 /* AppDelegate.swift */,
				ED97BAD81EC8F113001BA0D4 /* ViewController.swift */,
				ED97BADA1EC8F113001BA0D4 /* Main.storyboard */,
				ED97BADD1EC8F113001BA0D4 /* Assets.xcassets */,
				ED97BADF1EC8F113001BA0D4 /* LaunchScreen.storyboard */,
				ED97BAE21EC8F113001BA0D4 /* Info.plist */,
			);
			path = Multivues;
			sourceTree = "<group>";
		};
/* End PBXGroup section */

/* Begin PBXNativeTarget section */
		ED97BAD21EC8F113001BA0D4 /* Multivues */ = {
			isa = PBXNativeTarget;
			buildConfigurationList = ED97BAE51EC8F113001BA0D4 /* Build configuration list for PBXNativeTarget "Multivues" */;
			buildPhases = (
				ED97BACF1EC8F113001BA0D4 /* Sources */,
				ED97BAD01EC8F113001BA0D4 /* Frameworks */,
				ED97BAD11EC8F113001BA0D4 /* Resources */,
			);
			buildRules = (
			);
			dependencies = (
			);
			name = Multivues;
			productName = Multivues;
			productReference = ED97BAD31EC8F113001BA0D4 /* Multivues.app */;
			productType = "com.apple.product-type.application";
		};
/* End PBXNativeTarget section */

/* Begin PBXProject section */
		ED97BACB1EC8F113001BA0D4 /* Project object */ = {
			isa = PBXProject;
			attributes = {
				LastSwiftUpdateCheck = 0830;
				LastUpgradeCheck = 0830;
				ORGANIZATIONNAME = "Paul-Aurian POINOT";
				TargetAttributes = {
					ED97BAD21EC8F113001BA0D4 = {
						CreatedOnToolsVersion = 8.3.2;
						ProvisioningStyle = Automatic;
					};
				};
			};
			buildConfigurationList = ED97BACE1EC8F113001BA0D4 /* Build configuration list for PBXProject "Multivues" */;
			compatibilityVersion = "Xcode 3.2";
			developmentRegion = English;
			hasScannedForEncodings = 0;
			knownRegions = (
				en,
				Base,
			);
			mainGroup = ED97BACA1EC8F113001BA0D4;
			productRefGroup = ED97BAD41EC8F113001BA0D4 /* Products */;
			projectDirPath = "";
			projectRoot = "";
			targets = (
				ED97BAD21EC8F113001BA0D4 /* Multivues */,
			);
		};
/* End PBXProject section */

/* Begin PBXResourcesBuildPhase section */
		ED97BAD11EC8F113001BA0D4 /* Resources */ = {
			isa = PBXResourcesBuildPhase;
			buildActionMask = 2147483647;
			files = (
				ED97BAE11EC8F113001BA0D4 /* LaunchScreen.storyboard in Resources */,
				ED97BADE1EC8F113001BA0D4 /* Assets.xcassets in Resources */,
				ED97BADC1EC8F113001BA0D4 /* Main.storyboard in Resources */,
			);
			runOnlyForDeploymentPostprocessing = 0;
		};
/* End PBXResourcesBuildPhase section */

/* Begin PBXSourcesBuildPhase section */
		ED97BACF1EC8F113001BA0D4 /* Sources */ = {
			isa = PBXSourcesBuildPhase;
			buildActionMask = 2147483647;
			files = (
				ED97BAD91EC8F113001BA0D4 /* ViewController.swift in Sources */,
				ED97BAD71EC8F113001BA0D4 /* AppDelegate.swift in Sources */,
			);
			runOnlyForDeploymentPostprocessing = 0;
		};
/* End PBXSourcesBuildPhase section */

/* Begin PBXVariantGroup section */
		ED97BADA1EC8F113001BA0D4 /* Main.storyboard */ = {
			isa = PBXVariantGroup;
			children = (
				ED97BADB1EC8F113001BA0D4 /* Base */,
			);
			name = Main.storyboard;
			sourceTree = "<group>";
		};
		ED97BADF1EC8F113001BA0D4 /* LaunchScreen.storyboard */ = {
			isa = PBXVariantGroup;
			children = (
				ED97BAE01EC8F113001BA0D4 /* Base */,
			);
			name = LaunchScreen.storyboard;
			sourceTree = "<group>";
		};
/* End PBXVariantGroup section */

/* Begin XCBuildConfiguration section */
		ED97BAE31EC8F113001BA0D4 /* Debug */ = {
			isa = XCBuildConfiguration;
			buildSettings = {
				ALWAYS_SEARCH_USER_PATHS = NO;
				CLANG_ANALYZER_NONNULL = YES;
				CLANG_ANALYZER_NUMBER_OBJECT_CONVERSION = YES_AGGRESSIVE;
				CLANG_CXX_LANGUAGE_STANDARD = "gnu++0x";
				CLANG_CXX_LIBRARY = "libc++";
				CLANG_ENABLE_MODULES = YES;
				CLANG_ENABLE_OBJC_ARC = YES;
				CLANG_WARN_BOOL_CONVERSION = YES;
				CLANG_WARN_CONSTANT_CONVERSION = YES;
				CLANG_WARN_DIRECT_OBJC_ISA_USAGE = YES_ERROR;
				CLANG_WARN_DOCUMENTATION_COMMENTS = YES;
				CLANG_WARN_EMPTY_BODY = YES;
				CLANG_WARN_ENUM_CONVERSION = YES;
				CLANG_WARN_INFINITE_RECURSION = YES;
				CLANG_WARN_INT_CONVERSION = YES;
				CLANG_WARN_OBJC_ROOT_CLASS = YES_ERROR;
				CLANG_WARN_SUSPICIOUS_MOVE = YES;
				CLANG_WARN_UNREACHABLE_CODE = YES;
				CLANG_WARN__DUPLICATE_METHOD_MATCH = YES;
				"CODE_SIGN_IDENTITY[sdk=iphoneos*]" = "iPhone Developer";
				COPY_PHASE_STRIP = NO;
				DEBUG_INFORMATION_FORMAT = dwarf;
				ENABLE_STRICT_OBJC_MSGSEND = YES;
				ENABLE_TESTABILITY = YES;
				GCC_C_LANGUAGE_STANDARD = gnu99;
				GCC_DYNAMIC_NO_PIC = NO;
				GCC_NO_COMMON_BLOCKS = YES;
				GCC_OPTIMIZATION_LEVEL = 0;
				GCC_PREPROCESSOR_DEFINITIONS = (
					"DEBUG=1",
					"$(inherited)",
				);
				GCC_WARN_64_TO_32_BIT_CONVERSION = YES;
				GCC_WARN_ABOUT_RETURN_TYPE = YES_ERROR;
				GCC_WARN_UNDECLARED_SELECTOR = YES;
				GCC_WARN_UNINITIALIZED_AUTOS = YES_AGGRESSIVE;
				GCC_WARN_UNUSED_FUNCTION = YES;
				GCC_WARN_UNUSED_VARIABLE = YES;
				IPHONEOS_DEPLOYMENT_TARGET = 10.3;
				MTL_ENABLE_DEBUG_INFO = YES;
				ONLY_ACTIVE_ARCH = YES;
				SDKROOT = iphoneos;
				SWIFT_ACTIVE_COMPILATION_CONDITIONS = DEBUG;
				SWIFT_OPTIMIZATION_LEVEL = "-Onone";
				TARGETED_DEVICE_FAMILY = "1,2";
			};
			name = Debug;
		};
		ED97BAE41EC8F113001BA0D4 /* Release */ = {
			isa = XCBuildConfiguration;
			buildSettings = {
				ALWAYS_SEARCH_USER_PATHS = NO;
				CLANG_ANALYZER_NONNULL = YES;
				CLANG_ANALYZER_NUMBER_OBJECT_CONVERSION = YES_AGGRESSIVE;
				CLANG_CXX_LANGUAGE_STANDARD = "gnu++0x";
				CLANG_CXX_LIBRARY = "libc++";
				CLANG_ENABLE_MODULES = YES;
				CLANG_ENABLE_OBJC_ARC = YES;
				CLANG_WARN_BOOL_CONVERSION = YES;
				CLANG_WARN_CONSTANT_CONVERSION = YES;
				CLANG_WARN_DIRECT_OBJC_ISA_USAGE = YES_ERROR;
				CLANG_WARN_DOCUMENTATION_COMMENTS = YES;
				CLANG_WARN_EMPTY_BODY = YES;
				CLANG_WARN_ENUM_CONVERSION = YES;
				CLANG_WARN_INFINITE_RECURSION = YES;
				CLANG_WARN_INT_CONVERSION = YES;
				CLANG_WARN_OBJC_ROOT_CLASS = YES_ERROR;
				CLANG_WARN_SUSPICIOUS_MOVE = YES;
				CLANG_WARN_UNREACHABLE_CODE = YES;
				CLANG_WARN__DUPLICATE_METHOD_MATCH = YES;
				"CODE_SIGN_IDENTITY[sdk=iphoneos*]" = "iPhone Developer";
				COPY_PHASE_STRIP = NO;
				DEBUG_INFORMATION_FORMAT = "dwarf-with-dsym";
				ENABLE_NS_ASSERTIONS = NO;
				ENABLE_STRICT_OBJC_MSGSEND = YES;
				GCC_C_LANGUAGE_STANDARD = gnu99;
				GCC_NO_COMMON_BLOCKS = YES;
				GCC_WARN_64_TO_32_BIT_CONVERSION = YES;
				GCC_WARN_ABOUT_RETURN_TYPE = YES_ERROR;
				GCC_WARN_UNDECLARED_SELECTOR = YES;
				GCC_WARN_UNINITIALIZED_AUTOS = YES_AGGRESSIVE;
				GCC_WARN_UNUSED_FUNCTION = YES;
				GCC_WARN_UNUSED_VARIABLE = YES;
				IPHONEOS_DEPLOYMENT_TARGET = 10.3;
				MTL_ENABLE_DEBUG_INFO = NO;
				SDKROOT = iphoneos;
				SWIFT_OPTIMIZATION_LEVEL = "-Owholemodule";
				TARGETED_DEVICE_FAMILY = "1,2";
				VALIDATE_PRODUCT = YES;
			};
			name = Release;
		};
		ED97BAE61EC8F113001BA0D4 /* Debug */ = {
			isa = XCBuildConfiguration;
			buildSettings = {
				ASSETCATALOG_COMPILER_APPICON_NAME = AppIcon;
				INFOPLIST_FILE = Multivues/Info.plist;
				LD_RUNPATH_SEARCH_PATHS = "$(inherited) @executable_path/Frameworks";
				PRODUCT_BUNDLE_IDENTIFIER = com.paulaurianpoinot.Multivues;
				PRODUCT_NAME = "$(TARGET_NAME)";
				SWIFT_VERSION = 3.0;
			};
			name = Debug;
		};
		ED97BAE71EC8F113001BA0D4 /* Release */ = {
			isa = XCBuildConfiguration;
			buildSettings = {
				ASSETCATALOG_COMPILER_APPICON_NAME = AppIcon;
				INFOPLIST_FILE = Multivues/Info.plist;
				LD_RUNPATH_SEARCH_PATHS = "$(inherited) @executable_path/Frameworks";
				PRODUCT_BUNDLE_IDENTIFIER = com.paulaurianpoinot.Multivues;
				PRODUCT_NAME = "$(TARGET_NAME)";
				SWIFT_VERSION = 3.0;
			};
			name = Release;
		};
/* End XCBuildConfiguration section */

/* Begin XCConfigurationList section */
		ED97BACE1EC8F113001BA0D4 /* Build configuration list for PBXProject "Multivues" */ = {
			isa = XCConfigurationList;
			buildConfigurations = (
				ED97BAE31EC8F113001BA0D4 /* Debug */,
				ED97BAE41EC8F113001BA0D4 /* Release */,
			);
			defaultConfigurationIsVisible = 0;
			defaultConfigurationName = Release;
		};
		ED97BAE51EC8F113001BA0D4 /* Build configuration list for PBXNativeTarget "Multivues" */ = {
			isa = XCConfigurationList;
			buildConfigurations = (
				ED97BAE61EC8F113001BA0D4 /* Debug */,
				ED97BAE71EC8F113001BA0D4 /* Release */,
			);
			defaultConfigurationIsVisible = 0;
		};
/* End XCConfigurationList section */
	};
	rootObject = ED97BACB1EC8F113001BA0D4 /* Project object */;
}
